
Microsoft Visual Studio Solution File, Format Version 12.00
# Visual Studio Version 17
VisualStudioVersion = 17.2.32616.157
MinimumVisualStudioVersion = 10.0.40219.1
Project("{FAE04EC0-301F-11D3-BF4B-00C04F79EFBC}") = "XILY OPTIMIZER", "XILY OPTIMIZER\XILY OPTIMIZER.csproj", "{CE944962-3C56-456B-BCE3-D4DF595C66ED}"
EndProject
Global
	GlobalSection(SolutionConfigurationPlatforms) = preSolution
		Debug|Any CPU = Debug|Any CPU
		Release|Any CPU = Release|Any CPU
	EndGlobalSection
	GlobalSection(ProjectConfigurationPlatforms) = postSolution
		{CE944962-3C56-456B-BCE3-D4DF595C66ED}.Debug|Any CPU.ActiveCfg = Debug|Any CPU
		{CE944962-3C56-456B-BCE3-D4DF595C66ED}.Debug|Any CPU.Build.0 = Debug|Any CPU
		{CE944962-3C56-456B-BCE3-D4DF595C66ED}.Release|Any CPU.ActiveCfg = Release|Any CPU
		{CE944962-3C56-456B-BCE3-D4DF595C66ED}.Release|Any CPU.Build.0 = Release|Any CPU
	EndGlobalSection
	GlobalSection(SolutionProperties) = preSolution
		HideSolutionNode = FALSE
	EndGlobalSection
	GlobalSection(ExtensibilityGlobals) = postSolution
		SolutionGuid = {C20AA260-44F9-4DD2-9430-E21BB3022122}
	EndGlobalSection
EndGlobal
